
Microsoft Visual Studio Solution File, Format Version 12.00
# Visual Studio Version 16
VisualStudioVersion = 16.0.29609.76
MinimumVisualStudioVersion = 10.0.40219.1
Project("{9A19103F-16F7-4668-BE54-9A1E7A4F7556}") = "01-StartupDemo", "StartupDemo\01-StartupDemo.csproj", "{62CDFCF3-725E-4B14-B5AC-A88A681C6D92}"
EndProject
Project("{9A19103F-16F7-4668-BE54-9A1E7A4F7556}") = "DependencyInjectionDemo", "DependencyInjectionDemo\DependencyInjectionDemo.csproj", "{B3261B54-BCB2-4B3C-9867-D64634C57B15}"
EndProject
Project("{9A19103F-16F7-4668-BE54-9A1E7A4F7556}") = "ThreePartDependencyInjection", "ThreePartDependencyInjection\ThreePartDependencyInjection.csproj", "{4A313D30-FE0E-461D-953D-B9304924EB62}"
EndProject
Project("{9A19103F-16F7-4668-BE54-9A1E7A4F7556}") = "ConfigurationDemo", "ConfigurationDemo\ConfigurationDemo.csproj", "{EE0F25E1-C9C2-4167-8095-572E4FD6FC26}"
EndProject
Project("{2150E333-8FDC-42A3-9474-1A3956D46DE8}") = "Configurations", "Configurations", "{1910805A-EEC0-48EF-8A72-3F04B7A4862C}"
EndProject
Project("{9A19103F-16F7-4668-BE54-9A1E7A4F7556}") = "ConfigurationCommandLineDemo", "ConfigurationCommandLineDemo\ConfigurationCommandLineDemo.csproj", "{18187A11-BDBB-4E57-B719-FBECB8206214}"
EndProject
Project("{9A19103F-16F7-4668-BE54-9A1E7A4F7556}") = "SampleDI", "SampleDI\SampleDI.csproj", "{D28712E2-698D-44F2-B949-6FF89F1D106D}"
EndProject
Project("{9A19103F-16F7-4668-BE54-9A1E7A4F7556}") = "SimpleDI", "SimpleDI\SimpleDI.csproj", "{D9208733-A959-42F1-A9A1-C48BE9D06A6F}"
EndProject
Project("{9A19103F-16F7-4668-BE54-9A1E7A4F7556}") = "SimpleDI@", "SimpleDI@\SimpleDI@.csproj", "{AC7139FB-C8A4-4756-9322-38F5CC42BAA3}"
EndProject
Project("{9A19103F-16F7-4668-BE54-9A1E7A4F7556}") = "SimpleDI2", "SimpleDI2\SimpleDI2.csproj", "{53866324-0B7D-41F2-82E5-DD54E09BC739}"
EndProject
Project("{9A19103F-16F7-4668-BE54-9A1E7A4F7556}") = "FileSystem", "FileSystem\FileSystem.csproj", "{6016B8C6-75DA-4613-B486-44ED6192BC1E}"
EndProject
Project("{9A19103F-16F7-4668-BE54-9A1E7A4F7556}") = "AOPDemo", "AOPDemo\AOPDemo.csproj", "{C4CBECD8-ED55-46B7-AE7D-65BDAEF0217D}"
EndProject
Project("{9A19103F-16F7-4668-BE54-9A1E7A4F7556}") = "Dora.Interception", "D:\sourcecode\Dora-master\src\Dora.Interception\Dora.Interception\Dora.Interception.csproj", "{4D9A94BA-0795-4FA1-93A8-D1DC033FA8BB}"
EndProject
Project("{9A19103F-16F7-4668-BE54-9A1E7A4F7556}") = "Dora.Interception.Abstractions", "D:\sourcecode\Dora-master\src\Dora.Interception\Dora.Interception.Abstractions\Dora.Interception.Abstractions.csproj", "{87B8000C-9D89-4F5F-B4C2-AFC81455F760}"
EndProject
Project("{FAE04EC0-301F-11D3-BF4B-00C04F79EFBC}") = "MiniMvc", "MiniMvc\MiniMvc.csproj", "{F99C294C-D676-4AE0-A10D-C407972F2F06}"
EndProject
Global
	GlobalSection(SharedMSBuildProjectFiles) = preSolution
		D:\sourcecode\Dora-master\src\Dora.Shared\Dora.Shared.projitems*{87b8000c-9d89-4f5f-b4c2-afc81455f760}*SharedItemsImports = 5
	EndGlobalSection
	GlobalSection(SolutionConfigurationPlatforms) = preSolution
		Debug|Any CPU = Debug|Any CPU
		Release|Any CPU = Release|Any CPU
	EndGlobalSection
	GlobalSection(ProjectConfigurationPlatforms) = postSolution
		{62CDFCF3-725E-4B14-B5AC-A88A681C6D92}.Debug|Any CPU.ActiveCfg = Debug|Any CPU
		{62CDFCF3-725E-4B14-B5AC-A88A681C6D92}.Debug|Any CPU.Build.0 = Debug|Any CPU
		{62CDFCF3-725E-4B14-B5AC-A88A681C6D92}.Release|Any CPU.ActiveCfg = Release|Any CPU
		{62CDFCF3-725E-4B14-B5AC-A88A681C6D92}.Release|Any CPU.Build.0 = Release|Any CPU
		{B3261B54-BCB2-4B3C-9867-D64634C57B15}.Debug|Any CPU.ActiveCfg = Debug|Any CPU
		{B3261B54-BCB2-4B3C-9867-D64634C57B15}.Debug|Any CPU.Build.0 = Debug|Any CPU
		{B3261B54-BCB2-4B3C-9867-D64634C57B15}.Release|Any CPU.ActiveCfg = Release|Any CPU
		{B3261B54-BCB2-4B3C-9867-D64634C57B15}.Release|Any CPU.Build.0 = Release|Any CPU
		{4A313D30-FE0E-461D-953D-B9304924EB62}.Debug|Any CPU.ActiveCfg = Debug|Any CPU
		{4A313D30-FE0E-461D-953D-B9304924EB62}.Debug|Any CPU.Build.0 = Debug|Any CPU
		{4A313D30-FE0E-461D-953D-B9304924EB62}.Release|Any CPU.ActiveCfg = Release|Any CPU
		{4A313D30-FE0E-461D-953D-B9304924EB62}.Release|Any CPU.Build.0 = Release|Any CPU
		{EE0F25E1-C9C2-4167-8095-572E4FD6FC26}.Debug|Any CPU.ActiveCfg = Debug|Any CPU
		{EE0F25E1-C9C2-4167-8095-572E4FD6FC26}.Debug|Any CPU.Build.0 = Debug|Any CPU
		{EE0F25E1-C9C2-4167-8095-572E4FD6FC26}.Release|Any CPU.ActiveCfg = Release|Any CPU
		{EE0F25E1-C9C2-4167-8095-572E4FD6FC26}.Release|Any CPU.Build.0 = Release|Any CPU
		{18187A11-BDBB-4E57-B719-FBECB8206214}.Debug|Any CPU.ActiveCfg = Debug|Any CPU
		{18187A11-BDBB-4E57-B719-FBECB8206214}.Debug|Any CPU.Build.0 = Debug|Any CPU
		{18187A11-BDBB-4E57-B719-FBECB8206214}.Release|Any CPU.ActiveCfg = Release|Any CPU
		{18187A11-BDBB-4E57-B719-FBECB8206214}.Release|Any CPU.Build.0 = Release|Any CPU
		{D28712E2-698D-44F2-B949-6FF89F1D106D}.Debug|Any CPU.ActiveCfg = Debug|Any CPU
		{D28712E2-698D-44F2-B949-6FF89F1D106D}.Debug|Any CPU.Build.0 = Debug|Any CPU
		{D28712E2-698D-44F2-B949-6FF89F1D106D}.Release|Any CPU.ActiveCfg = Release|Any CPU
		{D28712E2-698D-44F2-B949-6FF89F1D106D}.Release|Any CPU.Build.0 = Release|Any CPU
		{D9208733-A959-42F1-A9A1-C48BE9D06A6F}.Debug|Any CPU.ActiveCfg = Debug|Any CPU
		{D9208733-A959-42F1-A9A1-C48BE9D06A6F}.Debug|Any CPU.Build.0 = Debug|Any CPU
		{D9208733-A959-42F1-A9A1-C48BE9D06A6F}.Release|Any CPU.ActiveCfg = Release|Any CPU
		{D9208733-A959-42F1-A9A1-C48BE9D06A6F}.Release|Any CPU.Build.0 = Release|Any CPU
		{AC7139FB-C8A4-4756-9322-38F5CC42BAA3}.Debug|Any CPU.ActiveCfg = Debug|Any CPU
		{AC7139FB-C8A4-4756-9322-38F5CC42BAA3}.Debug|Any CPU.Build.0 = Debug|Any CPU
		{AC7139FB-C8A4-4756-9322-38F5CC42BAA3}.Release|Any CPU.ActiveCfg = Release|Any CPU
		{AC7139FB-C8A4-4756-9322-38F5CC42BAA3}.Release|Any CPU.Build.0 = Release|Any CPU
		{53866324-0B7D-41F2-82E5-DD54E09BC739}.Debug|Any CPU.ActiveCfg = Debug|Any CPU
		{53866324-0B7D-41F2-82E5-DD54E09BC739}.Debug|Any CPU.Build.0 = Debug|Any CPU
		{53866324-0B7D-41F2-82E5-DD54E09BC739}.Release|Any CPU.ActiveCfg = Release|Any CPU
		{53866324-0B7D-41F2-82E5-DD54E09BC739}.Release|Any CPU.Build.0 = Release|Any CPU
		{6016B8C6-75DA-4613-B486-44ED6192BC1E}.Debug|Any CPU.ActiveCfg = Debug|Any CPU
		{6016B8C6-75DA-4613-B486-44ED6192BC1E}.Debug|Any CPU.Build.0 = Debug|Any CPU
		{6016B8C6-75DA-4613-B486-44ED6192BC1E}.Release|Any CPU.ActiveCfg = Release|Any CPU
		{6016B8C6-75DA-4613-B486-44ED6192BC1E}.Release|Any CPU.Build.0 = Release|Any CPU
		{C4CBECD8-ED55-46B7-AE7D-65BDAEF0217D}.Debug|Any CPU.ActiveCfg = Debug|Any CPU
		{C4CBECD8-ED55-46B7-AE7D-65BDAEF0217D}.Debug|Any CPU.Build.0 = Debug|Any CPU
		{C4CBECD8-ED55-46B7-AE7D-65BDAEF0217D}.Release|Any CPU.ActiveCfg = Release|Any CPU
		{C4CBECD8-ED55-46B7-AE7D-65BDAEF0217D}.Release|Any CPU.Build.0 = Release|Any CPU
		{4D9A94BA-0795-4FA1-93A8-D1DC033FA8BB}.Debug|Any CPU.ActiveCfg = Debug|Any CPU
		{4D9A94BA-0795-4FA1-93A8-D1DC033FA8BB}.Debug|Any CPU.Build.0 = Debug|Any CPU
		{4D9A94BA-0795-4FA1-93A8-D1DC033FA8BB}.Release|Any CPU.ActiveCfg = Release|Any CPU
		{4D9A94BA-0795-4FA1-93A8-D1DC033FA8BB}.Release|Any CPU.Build.0 = Release|Any CPU
		{87B8000C-9D89-4F5F-B4C2-AFC81455F760}.Debug|Any CPU.ActiveCfg = Debug|Any CPU
		{87B8000C-9D89-4F5F-B4C2-AFC81455F760}.Debug|Any CPU.Build.0 = Debug|Any CPU
		{87B8000C-9D89-4F5F-B4C2-AFC81455F760}.Release|Any CPU.ActiveCfg = Release|Any CPU
		{87B8000C-9D89-4F5F-B4C2-AFC81455F760}.Release|Any CPU.Build.0 = Release|Any CPU
		{F99C294C-D676-4AE0-A10D-C407972F2F06}.Debug|Any CPU.ActiveCfg = Debug|Any CPU
		{F99C294C-D676-4AE0-A10D-C407972F2F06}.Debug|Any CPU.Build.0 = Debug|Any CPU
		{F99C294C-D676-4AE0-A10D-C407972F2F06}.Release|Any CPU.ActiveCfg = Release|Any CPU
		{F99C294C-D676-4AE0-A10D-C407972F2F06}.Release|Any CPU.Build.0 = Release|Any CPU
	EndGlobalSection
	GlobalSection(SolutionProperties) = preSolution
		HideSolutionNode = FALSE
	EndGlobalSection
	GlobalSection(NestedProjects) = preSolution
		{EE0F25E1-C9C2-4167-8095-572E4FD6FC26} = {1910805A-EEC0-48EF-8A72-3F04B7A4862C}
		{18187A11-BDBB-4E57-B719-FBECB8206214} = {1910805A-EEC0-48EF-8A72-3F04B7A4862C}
		{6016B8C6-75DA-4613-B486-44ED6192BC1E} = {1910805A-EEC0-48EF-8A72-3F04B7A4862C}
	EndGlobalSection
	GlobalSection(ExtensibilityGlobals) = postSolution
		SolutionGuid = {052FF92E-464B-4873-A77A-00686A8DCBDF}
	EndGlobalSection
EndGlobal
